
Microsoft Visual Studio Solution File, Format Version 12.00
# Visual Studio Version 17
VisualStudioVersion = 17.1.32407.343
MinimumVisualStudioVersion = 10.0.40219.1
Project("{FAE04EC0-301F-11D3-BF4B-00C04F79EFBC}") = "DemoMVC", "DemoMVC\DemoMVC.csproj", "{1F36345C-5E11-4784-B196-CC7EDD755E2F}"
EndProject
Global
	GlobalSection(SolutionConfigurationPlatforms) = preSolution
		Debug|Any CPU = Debug|Any CPU
		Release|Any CPU = Release|Any CPU
	EndGlobalSection
	GlobalSection(ProjectConfigurationPlatforms) = postSolution
		{1F36345C-5E11-4784-B196-CC7EDD755E2F}.Debug|Any CPU.ActiveCfg = Debug|Any CPU
		{1F36345C-5E11-4784-B196-CC7EDD755E2F}.Debug|Any CPU.Build.0 = Debug|Any CPU
		{1F36345C-5E11-4784-B196-CC7EDD755E2F}.Release|Any CPU.ActiveCfg = Release|Any CPU
		{1F36345C-5E11-4784-B196-CC7EDD755E2F}.Release|Any CPU.Build.0 = Release|Any CPU
	EndGlobalSection
	GlobalSection(SolutionProperties) = preSolution
		HideSolutionNode = FALSE
	EndGlobalSection
	GlobalSection(ExtensibilityGlobals) = postSolution
		SolutionGuid = {1D7B06ED-FE44-42E9-B4DD-CD81E2D763B6}
	EndGlobalSection
EndGlobal
